
Microsoft Visual Studio Solution File, Format Version 12.00
# Visual Studio Version 16
VisualStudioVersion = 16.0.30413.136
MinimumVisualStudioVersion = 10.0.40219.1
Project("{9A19103F-16F7-4668-BE54-9A1E7A4F7556}") = "SeminarManager.MVC", "SeminarManager.MVC\SeminarManager.MVC.csproj", "{7D4378B6-C1C6-45F2-9F74-455DEF9F08C9}"
EndProject
Project("{9A19103F-16F7-4668-BE54-9A1E7A4F7556}") = "SeminarManager.Model", "SeminarManager.Model\SeminarManager.Model.csproj", "{D891ED21-F1A5-4FAA-B062-3FFD89768F02}"
EndProject
Project("{9A19103F-16F7-4668-BE54-9A1E7A4F7556}") = "SeminarManager.API", "SeminarManager.API\SeminarManager.API.csproj", "{E0A33CF0-DD12-426B-9C2F-497214C4053C}"
EndProject
Project("{FAE04EC0-301F-11D3-BF4B-00C04F79EFBC}") = "SeminarManager.SQL", "SeminarManager.SQL\SeminarManager.SQL.csproj", "{C26DA092-F65B-451E-A217-2803F7DD4850}"
EndProject
Project("{FAE04EC0-301F-11D3-BF4B-00C04F79EFBC}") = "SeminarManager.EF", "SeminarManager.EF\SeminarManager.EF.csproj", "{EDC81609-627A-4137-BFA6-E8C27D4C90C9}"
EndProject
Global
	GlobalSection(SolutionConfigurationPlatforms) = preSolution
		Debug|Any CPU = Debug|Any CPU
		Release|Any CPU = Release|Any CPU
	EndGlobalSection
	GlobalSection(ProjectConfigurationPlatforms) = postSolution
		{7D4378B6-C1C6-45F2-9F74-455DEF9F08C9}.Debug|Any CPU.ActiveCfg = Debug|Any CPU
		{7D4378B6-C1C6-45F2-9F74-455DEF9F08C9}.Debug|Any CPU.Build.0 = Debug|Any CPU
		{7D4378B6-C1C6-45F2-9F74-455DEF9F08C9}.Release|Any CPU.ActiveCfg = Release|Any CPU
		{7D4378B6-C1C6-45F2-9F74-455DEF9F08C9}.Release|Any CPU.Build.0 = Release|Any CPU
		{D891ED21-F1A5-4FAA-B062-3FFD89768F02}.Debug|Any CPU.ActiveCfg = Debug|Any CPU
		{D891ED21-F1A5-4FAA-B062-3FFD89768F02}.Debug|Any CPU.Build.0 = Debug|Any CPU
		{D891ED21-F1A5-4FAA-B062-3FFD89768F02}.Release|Any CPU.ActiveCfg = Release|Any CPU
		{D891ED21-F1A5-4FAA-B062-3FFD89768F02}.Release|Any CPU.Build.0 = Release|Any CPU
		{E0A33CF0-DD12-426B-9C2F-497214C4053C}.Debug|Any CPU.ActiveCfg = Debug|Any CPU
		{E0A33CF0-DD12-426B-9C2F-497214C4053C}.Debug|Any CPU.Build.0 = Debug|Any CPU
		{E0A33CF0-DD12-426B-9C2F-497214C4053C}.Release|Any CPU.ActiveCfg = Release|Any CPU
		{E0A33CF0-DD12-426B-9C2F-497214C4053C}.Release|Any CPU.Build.0 = Release|Any CPU
		{C26DA092-F65B-451E-A217-2803F7DD4850}.Debug|Any CPU.ActiveCfg = Debug|Any CPU
		{C26DA092-F65B-451E-A217-2803F7DD4850}.Debug|Any CPU.Build.0 = Debug|Any CPU
		{C26DA092-F65B-451E-A217-2803F7DD4850}.Release|Any CPU.ActiveCfg = Release|Any CPU
		{C26DA092-F65B-451E-A217-2803F7DD4850}.Release|Any CPU.Build.0 = Release|Any CPU
		{EDC81609-627A-4137-BFA6-E8C27D4C90C9}.Debug|Any CPU.ActiveCfg = Debug|Any CPU
		{EDC81609-627A-4137-BFA6-E8C27D4C90C9}.Debug|Any CPU.Build.0 = Debug|Any CPU
		{EDC81609-627A-4137-BFA6-E8C27D4C90C9}.Release|Any CPU.ActiveCfg = Release|Any CPU
		{EDC81609-627A-4137-BFA6-E8C27D4C90C9}.Release|Any CPU.Build.0 = Release|Any CPU
	EndGlobalSection
	GlobalSection(SolutionProperties) = preSolution
		HideSolutionNode = FALSE
	EndGlobalSection
	GlobalSection(ExtensibilityGlobals) = postSolution
		SolutionGuid = {7E4348E9-B4D8-47A0-984B-7CA67B1DD1D1}
	EndGlobalSection
EndGlobal
