
Microsoft Visual Studio Solution File, Format Version 12.00
# Visual Studio Version 17
VisualStudioVersion = 17.0.31903.59
MinimumVisualStudioVersion = 10.0.40219.1
Project("{FAE04EC0-301F-11D3-BF4B-00C04F79EFBC}") = "RequestReply.Client", "RequestReply.Client\RequestReply.Client.csproj", "{4DF16E64-DCBD-4B86-ACEF-DD5D12558309}"
EndProject
Project("{FAE04EC0-301F-11D3-BF4B-00C04F79EFBC}") = "RequestReply.Server", "RequestReply.Server\RequestReply.Server.csproj", "{0296986F-8984-4C58-AF6A-C6FB5F93F322}"
EndProject
Project("{FAE04EC0-301F-11D3-BF4B-00C04F79EFBC}") = "RequestReply.Shared", "RequestReply.Shared\RequestReply.Shared.csproj", "{8C385C60-D4AB-4862-80A7-BCAAEA30BBE6}"
EndProject
Global
	GlobalSection(SolutionConfigurationPlatforms) = preSolution
		Debug|Any CPU = Debug|Any CPU
		Release|Any CPU = Release|Any CPU
	EndGlobalSection
	GlobalSection(SolutionProperties) = preSolution
		HideSolutionNode = FALSE
	EndGlobalSection
	GlobalSection(ProjectConfigurationPlatforms) = postSolution
		{4DF16E64-DCBD-4B86-ACEF-DD5D12558309}.Debug|Any CPU.ActiveCfg = Debug|Any CPU
		{4DF16E64-DCBD-4B86-ACEF-DD5D12558309}.Debug|Any CPU.Build.0 = Debug|Any CPU
		{4DF16E64-DCBD-4B86-ACEF-DD5D12558309}.Release|Any CPU.ActiveCfg = Release|Any CPU
		{4DF16E64-DCBD-4B86-ACEF-DD5D12558309}.Release|Any CPU.Build.0 = Release|Any CPU
		{0296986F-8984-4C58-AF6A-C6FB5F93F322}.Debug|Any CPU.ActiveCfg = Debug|Any CPU
		{0296986F-8984-4C58-AF6A-C6FB5F93F322}.Debug|Any CPU.Build.0 = Debug|Any CPU
		{0296986F-8984-4C58-AF6A-C6FB5F93F322}.Release|Any CPU.ActiveCfg = Release|Any CPU
		{0296986F-8984-4C58-AF6A-C6FB5F93F322}.Release|Any CPU.Build.0 = Release|Any CPU
		{8C385C60-D4AB-4862-80A7-BCAAEA30BBE6}.Debug|Any CPU.ActiveCfg = Debug|Any CPU
		{8C385C60-D4AB-4862-80A7-BCAAEA30BBE6}.Debug|Any CPU.Build.0 = Debug|Any CPU
		{8C385C60-D4AB-4862-80A7-BCAAEA30BBE6}.Release|Any CPU.ActiveCfg = Release|Any CPU
		{8C385C60-D4AB-4862-80A7-BCAAEA30BBE6}.Release|Any CPU.Build.0 = Release|Any CPU
	EndGlobalSection
EndGlobal
