
Microsoft Visual Studio Solution File, Format Version 12.00
# Visual Studio Version 17
VisualStudioVersion = 17.0.31903.59
MinimumVisualStudioVersion = 10.0.40219.1
Project("{FAE04EC0-301F-11D3-BF4B-00C04F79EFBC}") = "RabbitMQ.Sender", "RabbitMQ.Sender\RabbitMQ.Sender.csproj", "{9DC230AC-84C2-4A44-A39D-EBD6604C43CB}"
EndProject
Project("{FAE04EC0-301F-11D3-BF4B-00C04F79EFBC}") = "RabbitMQ.Receiver", "RabbitMQ.Receiver\RabbitMQ.Receiver.csproj", "{89CF8489-F157-414E-901E-3780DCADC3CA}"
EndProject
Project("{FAE04EC0-301F-11D3-BF4B-00C04F79EFBC}") = "RabbitMQ.Shared", "RabbitMQ.Shared\RabbitMQ.Shared.csproj", "{ECF307CD-823F-4D3B-9EA6-537AAF6D0D34}"
EndProject
Global
	GlobalSection(SolutionConfigurationPlatforms) = preSolution
		Debug|Any CPU = Debug|Any CPU
		Release|Any CPU = Release|Any CPU
	EndGlobalSection
	GlobalSection(SolutionProperties) = preSolution
		HideSolutionNode = FALSE
	EndGlobalSection
	GlobalSection(ProjectConfigurationPlatforms) = postSolution
		{9DC230AC-84C2-4A44-A39D-EBD6604C43CB}.Debug|Any CPU.ActiveCfg = Debug|Any CPU
		{9DC230AC-84C2-4A44-A39D-EBD6604C43CB}.Debug|Any CPU.Build.0 = Debug|Any CPU
		{9DC230AC-84C2-4A44-A39D-EBD6604C43CB}.Release|Any CPU.ActiveCfg = Release|Any CPU
		{9DC230AC-84C2-4A44-A39D-EBD6604C43CB}.Release|Any CPU.Build.0 = Release|Any CPU
		{89CF8489-F157-414E-901E-3780DCADC3CA}.Debug|Any CPU.ActiveCfg = Debug|Any CPU
		{89CF8489-F157-414E-901E-3780DCADC3CA}.Debug|Any CPU.Build.0 = Debug|Any CPU
		{89CF8489-F157-414E-901E-3780DCADC3CA}.Release|Any CPU.ActiveCfg = Release|Any CPU
		{89CF8489-F157-414E-901E-3780DCADC3CA}.Release|Any CPU.Build.0 = Release|Any CPU
		{ECF307CD-823F-4D3B-9EA6-537AAF6D0D34}.Debug|Any CPU.ActiveCfg = Debug|Any CPU
		{ECF307CD-823F-4D3B-9EA6-537AAF6D0D34}.Debug|Any CPU.Build.0 = Debug|Any CPU
		{ECF307CD-823F-4D3B-9EA6-537AAF6D0D34}.Release|Any CPU.ActiveCfg = Release|Any CPU
		{ECF307CD-823F-4D3B-9EA6-537AAF6D0D34}.Release|Any CPU.Build.0 = Release|Any CPU
	EndGlobalSection
EndGlobal
