
Microsoft Visual Studio Solution File, Format Version 12.00
# Visual Studio Version 17
VisualStudioVersion = 17.5.002.0
MinimumVisualStudioVersion = 10.0.40219.1
Project("{9A19103F-16F7-4668-BE54-9A1E7A4F7556}") = "09", "09.csproj", "{28F8F365-0392-4934-AEF5-713B7AB46BA2}"
EndProject
Global
	GlobalSection(SolutionConfigurationPlatforms) = preSolution
		Debug|Any CPU = Debug|Any CPU
		Release|Any CPU = Release|Any CPU
	EndGlobalSection
	GlobalSection(ProjectConfigurationPlatforms) = postSolution
		{28F8F365-0392-4934-AEF5-713B7AB46BA2}.Debug|Any CPU.ActiveCfg = Debug|Any CPU
		{28F8F365-0392-4934-AEF5-713B7AB46BA2}.Debug|Any CPU.Build.0 = Debug|Any CPU
		{28F8F365-0392-4934-AEF5-713B7AB46BA2}.Release|Any CPU.ActiveCfg = Release|Any CPU
		{28F8F365-0392-4934-AEF5-713B7AB46BA2}.Release|Any CPU.Build.0 = Release|Any CPU
	EndGlobalSection
	GlobalSection(SolutionProperties) = preSolution
		HideSolutionNode = FALSE
	EndGlobalSection
	GlobalSection(ExtensibilityGlobals) = postSolution
		SolutionGuid = {AD129F66-0CE7-4827-B0AC-14B19BEA0009}
	EndGlobalSection
EndGlobal
