
Microsoft Visual Studio Solution File, Format Version 12.00
# Visual Studio Version 17
VisualStudioVersion = 17.6.33723.286
MinimumVisualStudioVersion = 10.0.40219.1
Project("{FAE04EC0-301F-11D3-BF4B-00C04F79EFBC}") = "Watch", "Watch\Watch.csproj", "{46985592-1896-4042-B638-F8C97D221BC8}"
EndProject
Global
	GlobalSection(SolutionConfigurationPlatforms) = preSolution
		Debug|Any CPU = Debug|Any CPU
		Release|Any CPU = Release|Any CPU
	EndGlobalSection
	GlobalSection(ProjectConfigurationPlatforms) = postSolution
		{46985592-1896-4042-B638-F8C97D221BC8}.Debug|Any CPU.ActiveCfg = Debug|Any CPU
		{46985592-1896-4042-B638-F8C97D221BC8}.Debug|Any CPU.Build.0 = Debug|Any CPU
		{46985592-1896-4042-B638-F8C97D221BC8}.Release|Any CPU.ActiveCfg = Release|Any CPU
		{46985592-1896-4042-B638-F8C97D221BC8}.Release|Any CPU.Build.0 = Release|Any CPU
	EndGlobalSection
	GlobalSection(SolutionProperties) = preSolution
		HideSolutionNode = FALSE
	EndGlobalSection
	GlobalSection(ExtensibilityGlobals) = postSolution
		SolutionGuid = {3A79E045-49A5-46A2-A5CF-75AEAACEE3CA}
	EndGlobalSection
EndGlobal
