
Microsoft Visual Studio Solution File, Format Version 12.00
# Visual Studio Version 17
VisualStudioVersion = 17.5.002.0
MinimumVisualStudioVersion = 10.0.40219.1
Project("{9A19103F-16F7-4668-BE54-9A1E7A4F7556}") = "06", "06.csproj", "{42261426-075A-46CD-BA1C-1DDC4A053578}"
EndProject
Global
	GlobalSection(SolutionConfigurationPlatforms) = preSolution
		Debug|Any CPU = Debug|Any CPU
		Release|Any CPU = Release|Any CPU
	EndGlobalSection
	GlobalSection(ProjectConfigurationPlatforms) = postSolution
		{42261426-075A-46CD-BA1C-1DDC4A053578}.Debug|Any CPU.ActiveCfg = Debug|Any CPU
		{42261426-075A-46CD-BA1C-1DDC4A053578}.Debug|Any CPU.Build.0 = Debug|Any CPU
		{42261426-075A-46CD-BA1C-1DDC4A053578}.Release|Any CPU.ActiveCfg = Release|Any CPU
		{42261426-075A-46CD-BA1C-1DDC4A053578}.Release|Any CPU.Build.0 = Release|Any CPU
	EndGlobalSection
	GlobalSection(SolutionProperties) = preSolution
		HideSolutionNode = FALSE
	EndGlobalSection
	GlobalSection(ExtensibilityGlobals) = postSolution
		SolutionGuid = {03EF4FA1-090B-4E72-8AAE-F264250EBED7}
	EndGlobalSection
EndGlobal
