
Microsoft Visual Studio Solution File, Format Version 12.00
# Visual Studio Version 17
VisualStudioVersion = 17.5.002.0
MinimumVisualStudioVersion = 10.0.40219.1
Project("{9A19103F-16F7-4668-BE54-9A1E7A4F7556}") = "LayeredArchitecture", "LayeredArchitecture.csproj", "{1FEF4147-3FD6-470E-9E2B-9C7A4B29B348}"
EndProject
Global
	GlobalSection(SolutionConfigurationPlatforms) = preSolution
		Debug|Any CPU = Debug|Any CPU
		Release|Any CPU = Release|Any CPU
	EndGlobalSection
	GlobalSection(ProjectConfigurationPlatforms) = postSolution
		{1FEF4147-3FD6-470E-9E2B-9C7A4B29B348}.Debug|Any CPU.ActiveCfg = Debug|Any CPU
		{1FEF4147-3FD6-470E-9E2B-9C7A4B29B348}.Debug|Any CPU.Build.0 = Debug|Any CPU
		{1FEF4147-3FD6-470E-9E2B-9C7A4B29B348}.Release|Any CPU.ActiveCfg = Release|Any CPU
		{1FEF4147-3FD6-470E-9E2B-9C7A4B29B348}.Release|Any CPU.Build.0 = Release|Any CPU
	EndGlobalSection
	GlobalSection(SolutionProperties) = preSolution
		HideSolutionNode = FALSE
	EndGlobalSection
	GlobalSection(ExtensibilityGlobals) = postSolution
		SolutionGuid = {7008A7FD-BE00-4A2B-91B6-0FF5CFC8D907}
	EndGlobalSection
EndGlobal
